
Microsoft Visual Studio Solution File, Format Version 12.00
# Visual Studio Version 17
VisualStudioVersion = 17.2.32516.85
MinimumVisualStudioVersion = 10.0.40219.1
Project("{FAE04EC0-301F-11D3-BF4B-00C04F79EFBC}") = "QLTDLibrary", "QLTDLibrary\QLTDLibrary.csproj", "{CC3B227C-ECCB-4E11-94D8-5E2FAF40396C}"
EndProject
Project("{FAE04EC0-301F-11D3-BF4B-00C04F79EFBC}") = "QLTDApp", "QLTD\QLTDApp.csproj", "{39A3AFBB-9EC1-4234-8268-F072DDC4C666}"
EndProject
Global
	GlobalSection(SolutionConfigurationPlatforms) = preSolution
		Debug|Any CPU = Debug|Any CPU
		Release|Any CPU = Release|Any CPU
	EndGlobalSection
	GlobalSection(ProjectConfigurationPlatforms) = postSolution
		{CC3B227C-ECCB-4E11-94D8-5E2FAF40396C}.Debug|Any CPU.ActiveCfg = Debug|Any CPU
		{CC3B227C-ECCB-4E11-94D8-5E2FAF40396C}.Debug|Any CPU.Build.0 = Debug|Any CPU
		{CC3B227C-ECCB-4E11-94D8-5E2FAF40396C}.Release|Any CPU.ActiveCfg = Release|Any CPU
		{CC3B227C-ECCB-4E11-94D8-5E2FAF40396C}.Release|Any CPU.Build.0 = Release|Any CPU
		{39A3AFBB-9EC1-4234-8268-F072DDC4C666}.Debug|Any CPU.ActiveCfg = Debug|Any CPU
		{39A3AFBB-9EC1-4234-8268-F072DDC4C666}.Debug|Any CPU.Build.0 = Debug|Any CPU
		{39A3AFBB-9EC1-4234-8268-F072DDC4C666}.Release|Any CPU.ActiveCfg = Release|Any CPU
		{39A3AFBB-9EC1-4234-8268-F072DDC4C666}.Release|Any CPU.Build.0 = Release|Any CPU
	EndGlobalSection
	GlobalSection(SolutionProperties) = preSolution
		HideSolutionNode = FALSE
	EndGlobalSection
	GlobalSection(ExtensibilityGlobals) = postSolution
		SolutionGuid = {C5B62D03-6A95-48AA-B664-5E6A39791CDD}
	EndGlobalSection
EndGlobal
